// !$*UTF8*$!
{
	archiveVersion = 1;
	classes = {
	};
	objectVersion = 56;
	objects = {

/* Begin PBXBuildFile section */
		930C08192990DEBD0026CAD9 /* AppDelegate.swift in Sources */ = {isa = PBXBuildFile; fileRef = 930C08182990DEBD0026CAD9 /* AppDelegate.swift */; };
		930C081B2990DEBD0026CAD9 /* SceneDelegate.swift in Sources */ = {isa = PBXBuildFile; fileRef = 930C081A2990DEBD0026CAD9 /* SceneDelegate.swift */; };
		930C08222990DEBF0026CAD9 /* Assets.xcassets in Resources */ = {isa = PBXBuildFile; fileRef = 930C08212990DEBF0026CAD9 /* Assets.xcassets */; };
		930C08252990DEBF0026CAD9 /* LaunchScreen.storyboard in Resources */ = {isa = PBXBuildFile; fileRef = 930C08232990DEBF0026CAD9 /* LaunchScreen.storyboard */; };
		930C08492990DF100026CAD9 /* AppController.swift in Sources */ = {isa = PBXBuildFile; fileRef = 930C08482990DF100026CAD9 /* AppController.swift */; };
		930C084A2990DF100026CAD9 /* AppController.swift in Sources */ = {isa = PBXBuildFile; fileRef = 930C08482990DF100026CAD9 /* AppController.swift */; };
		930C084C2990E0D80026CAD9 /* PostController.swift in Sources */ = {isa = PBXBuildFile; fileRef = 930C084B2990E0D80026CAD9 /* PostController.swift */; };
		930C084D2990E0D80026CAD9 /* PostController.swift in Sources */ = {isa = PBXBuildFile; fileRef = 930C084B2990E0D80026CAD9 /* PostController.swift */; };
		930C08502990F38F0026CAD9 /* UIViewController+Helper.swift in Sources */ = {isa = PBXBuildFile; fileRef = 930C084F2990F38F0026CAD9 /* UIViewController+Helper.swift */; };
		930C08512990F38F0026CAD9 /* UIViewController+Helper.swift in Sources */ = {isa = PBXBuildFile; fileRef = 930C084F2990F38F0026CAD9 /* UIViewController+Helper.swift */; };
		930C08532990F4EA0026CAD9 /* PostsViewController.swift in Sources */ = {isa = PBXBuildFile; fileRef = 930C08522990F4EA0026CAD9 /* PostsViewController.swift */; };
		930C08542990F4EA0026CAD9 /* PostsViewController.swift in Sources */ = {isa = PBXBuildFile; fileRef = 930C08522990F4EA0026CAD9 /* PostsViewController.swift */; };
		930C08562990F5380026CAD9 /* UIView+Layout.swift in Sources */ = {isa = PBXBuildFile; fileRef = 930C08552990F5380026CAD9 /* UIView+Layout.swift */; };
		930C08572990F5380026CAD9 /* UIView+Layout.swift in Sources */ = {isa = PBXBuildFile; fileRef = 930C08552990F5380026CAD9 /* UIView+Layout.swift */; };
		930C08592990F6BD0026CAD9 /* Post.swift in Sources */ = {isa = PBXBuildFile; fileRef = 930C08582990F6BD0026CAD9 /* Post.swift */; };
		930C085A2990F6BD0026CAD9 /* Post.swift in Sources */ = {isa = PBXBuildFile; fileRef = 930C08582990F6BD0026CAD9 /* Post.swift */; };
		930C085C2990FAFC0026CAD9 /* PostTableViewCell.swift in Sources */ = {isa = PBXBuildFile; fileRef = 930C085B2990FAFC0026CAD9 /* PostTableViewCell.swift */; };
		930C085F2990FB8D0026CAD9 /* UITableView+Configure.swift in Sources */ = {isa = PBXBuildFile; fileRef = 930C085E2990FB8D0026CAD9 /* UITableView+Configure.swift */; };
		930C08602990FB8D0026CAD9 /* UITableView+Configure.swift in Sources */ = {isa = PBXBuildFile; fileRef = 930C085E2990FB8D0026CAD9 /* UITableView+Configure.swift */; };
		930C08622991009A0026CAD9 /* PostsViewControllerTests.swift in Sources */ = {isa = PBXBuildFile; fileRef = 930C08612991009A0026CAD9 /* PostsViewControllerTests.swift */; };
		930C086529910A0C0026CAD9 /* Resource.swift in Sources */ = {isa = PBXBuildFile; fileRef = 930C086429910A0C0026CAD9 /* Resource.swift */; };
		930C086629910A0C0026CAD9 /* Resource.swift in Sources */ = {isa = PBXBuildFile; fileRef = 930C086429910A0C0026CAD9 /* Resource.swift */; };
		930C086829910A1E0026CAD9 /* URLConvertible.swift in Sources */ = {isa = PBXBuildFile; fileRef = 930C086729910A1E0026CAD9 /* URLConvertible.swift */; };
		930C086929910A1E0026CAD9 /* URLConvertible.swift in Sources */ = {isa = PBXBuildFile; fileRef = 930C086729910A1E0026CAD9 /* URLConvertible.swift */; };
		930C086B29910A5A0026CAD9 /* NetworkConfiguration.swift in Sources */ = {isa = PBXBuildFile; fileRef = 930C086A29910A5A0026CAD9 /* NetworkConfiguration.swift */; };
		930C086C29910A5A0026CAD9 /* NetworkConfiguration.swift in Sources */ = {isa = PBXBuildFile; fileRef = 930C086A29910A5A0026CAD9 /* NetworkConfiguration.swift */; };
		930C086E29910A880026CAD9 /* Cause.swift in Sources */ = {isa = PBXBuildFile; fileRef = 930C086D29910A880026CAD9 /* Cause.swift */; };
		930C086F29910A880026CAD9 /* Cause.swift in Sources */ = {isa = PBXBuildFile; fileRef = 930C086D29910A880026CAD9 /* Cause.swift */; };
		930C087129910AB40026CAD9 /* ErrorReport.swift in Sources */ = {isa = PBXBuildFile; fileRef = 930C087029910AB40026CAD9 /* ErrorReport.swift */; };
		930C087229910AB40026CAD9 /* ErrorReport.swift in Sources */ = {isa = PBXBuildFile; fileRef = 930C087029910AB40026CAD9 /* ErrorReport.swift */; };
		930C087429910ADA0026CAD9 /* NetworkManager.swift in Sources */ = {isa = PBXBuildFile; fileRef = 930C087329910ADA0026CAD9 /* NetworkManager.swift */; };
		930C087529910ADA0026CAD9 /* NetworkManager.swift in Sources */ = {isa = PBXBuildFile; fileRef = 930C087329910ADA0026CAD9 /* NetworkManager.swift */; };
		930C087729910BD60026CAD9 /* NetworkManagerTests.swift in Sources */ = {isa = PBXBuildFile; fileRef = 930C087629910BD60026CAD9 /* NetworkManagerTests.swift */; };
		930C087929910C7D0026CAD9 /* URL+Posty.swift in Sources */ = {isa = PBXBuildFile; fileRef = 930C087829910C7D0026CAD9 /* URL+Posty.swift */; };
		930C087A29910C7D0026CAD9 /* URL+Posty.swift in Sources */ = {isa = PBXBuildFile; fileRef = 930C087829910C7D0026CAD9 /* URL+Posty.swift */; };
		930C087C29910F500026CAD9 /* Endpoint.swift in Sources */ = {isa = PBXBuildFile; fileRef = 930C087B29910F500026CAD9 /* Endpoint.swift */; };
		930C087D29910F500026CAD9 /* Endpoint.swift in Sources */ = {isa = PBXBuildFile; fileRef = 930C087B29910F500026CAD9 /* Endpoint.swift */; };
		930C0882299115450026CAD9 /* Service.swift in Sources */ = {isa = PBXBuildFile; fileRef = 930C0881299115440026CAD9 /* Service.swift */; };
		930C0883299115450026CAD9 /* Service.swift in Sources */ = {isa = PBXBuildFile; fileRef = 930C0881299115440026CAD9 /* Service.swift */; };
		930C088629911E790026CAD9 /* User.swift in Sources */ = {isa = PBXBuildFile; fileRef = 930C088529911E790026CAD9 /* User.swift */; };
		930C088729911E790026CAD9 /* User.swift in Sources */ = {isa = PBXBuildFile; fileRef = 930C088529911E790026CAD9 /* User.swift */; };
		930C088929911EC80026CAD9 /* Address.swift in Sources */ = {isa = PBXBuildFile; fileRef = 930C088829911EC80026CAD9 /* Address.swift */; };
		930C088A29911EC80026CAD9 /* Address.swift in Sources */ = {isa = PBXBuildFile; fileRef = 930C088829911EC80026CAD9 /* Address.swift */; };
		930C088C29911EF40026CAD9 /* Company.swift in Sources */ = {isa = PBXBuildFile; fileRef = 930C088B29911EF40026CAD9 /* Company.swift */; };
		930C088D29911EF40026CAD9 /* Company.swift in Sources */ = {isa = PBXBuildFile; fileRef = 930C088B29911EF40026CAD9 /* Company.swift */; };
		930C088F299120E60026CAD9 /* Geo.swift in Sources */ = {isa = PBXBuildFile; fileRef = 930C088E299120E60026CAD9 /* Geo.swift */; };
		930C0890299120E60026CAD9 /* Geo.swift in Sources */ = {isa = PBXBuildFile; fileRef = 930C088E299120E60026CAD9 /* Geo.swift */; };
		930C0892299122300026CAD9 /* PostDetailsView.swift in Sources */ = {isa = PBXBuildFile; fileRef = 930C0891299122300026CAD9 /* PostDetailsView.swift */; };
		935EEBAF29913B8800AB8A8F /* Comment.swift in Sources */ = {isa = PBXBuildFile; fileRef = 935EEBAE29913B8800AB8A8F /* Comment.swift */; };
		935EEBB029913B8800AB8A8F /* Comment.swift in Sources */ = {isa = PBXBuildFile; fileRef = 935EEBAE29913B8800AB8A8F /* Comment.swift */; };
		935EEBB229913C1A00AB8A8F /* PostViewModel.swift in Sources */ = {isa = PBXBuildFile; fileRef = 935EEBB129913C1A00AB8A8F /* PostViewModel.swift */; };
		935EEBB329913C1A00AB8A8F /* PostViewModel.swift in Sources */ = {isa = PBXBuildFile; fileRef = 935EEBB129913C1A00AB8A8F /* PostViewModel.swift */; };
		93BF0803299258C000485E82 /* CommentsView.swift in Sources */ = {isa = PBXBuildFile; fileRef = 93BF0802299258C000485E82 /* CommentsView.swift */; };
		93BF08052992592800485E82 /* CommentsViewModel.swift in Sources */ = {isa = PBXBuildFile; fileRef = 93BF08042992592800485E82 /* CommentsViewModel.swift */; };
		93BF080729925D3600485E82 /* CommentView.swift in Sources */ = {isa = PBXBuildFile; fileRef = 93BF080629925D3600485E82 /* CommentView.swift */; };
		93BF08092992689500485E82 /* PostTableViewCell.swift in Sources */ = {isa = PBXBuildFile; fileRef = 930C085B2990FAFC0026CAD9 /* PostTableViewCell.swift */; };
		93BF080A299268A400485E82 /* PostDetailsView.swift in Sources */ = {isa = PBXBuildFile; fileRef = 930C0891299122300026CAD9 /* PostDetailsView.swift */; };
		93BF080B299268AF00485E82 /* CommentsViewModel.swift in Sources */ = {isa = PBXBuildFile; fileRef = 93BF08042992592800485E82 /* CommentsViewModel.swift */; };
		93BF080C299268B800485E82 /* CommentsView.swift in Sources */ = {isa = PBXBuildFile; fileRef = 93BF0802299258C000485E82 /* CommentsView.swift */; };
		93BF080D299268BB00485E82 /* CommentView.swift in Sources */ = {isa = PBXBuildFile; fileRef = 93BF080629925D3600485E82 /* CommentView.swift */; };
/* End PBXBuildFile section */

/* Begin PBXContainerItemProxy section */
		930C082C2990DEBF0026CAD9 /* PBXContainerItemProxy */ = {
			isa = PBXContainerItemProxy;
			containerPortal = 930C080D2990DEBC0026CAD9 /* Project object */;
			proxyType = 1;
			remoteGlobalIDString = 930C08142990DEBD0026CAD9;
			remoteInfo = Posty;
		};
/* End PBXContainerItemProxy section */

/* Begin PBXFileReference section */
		930C08152990DEBD0026CAD9 /* Posty.app */ = {isa = PBXFileReference; explicitFileType = wrapper.application; includeInIndex = 0; path = Posty.app; sourceTree = BUILT_PRODUCTS_DIR; };
		930C08182990DEBD0026CAD9 /* AppDelegate.swift */ = {isa = PBXFileReference; lastKnownFileType = sourcecode.swift; path = AppDelegate.swift; sourceTree = "<group>"; };
		930C081A2990DEBD0026CAD9 /* SceneDelegate.swift */ = {isa = PBXFileReference; lastKnownFileType = sourcecode.swift; path = SceneDelegate.swift; sourceTree = "<group>"; };
		930C08212990DEBF0026CAD9 /* Assets.xcassets */ = {isa = PBXFileReference; lastKnownFileType = folder.assetcatalog; path = Assets.xcassets; sourceTree = "<group>"; };
		930C08242990DEBF0026CAD9 /* Base */ = {isa = PBXFileReference; lastKnownFileType = file.storyboard; name = Base; path = Base.lproj/LaunchScreen.storyboard; sourceTree = "<group>"; };
		930C08262990DEBF0026CAD9 /* Info.plist */ = {isa = PBXFileReference; lastKnownFileType = text.plist.xml; path = Info.plist; sourceTree = "<group>"; };
		930C082B2990DEBF0026CAD9 /* PostyTests.xctest */ = {isa = PBXFileReference; explicitFileType = wrapper.cfbundle; includeInIndex = 0; path = PostyTests.xctest; sourceTree = BUILT_PRODUCTS_DIR; };
		930C08482990DF100026CAD9 /* AppController.swift */ = {isa = PBXFileReference; lastKnownFileType = sourcecode.swift; path = AppController.swift; sourceTree = "<group>"; };
		930C084B2990E0D80026CAD9 /* PostController.swift */ = {isa = PBXFileReference; lastKnownFileType = sourcecode.swift; path = PostController.swift; sourceTree = "<group>"; };
		930C084F2990F38F0026CAD9 /* UIViewController+Helper.swift */ = {isa = PBXFileReference; lastKnownFileType = sourcecode.swift; path = "UIViewController+Helper.swift"; sourceTree = "<group>"; };
		930C08522990F4EA0026CAD9 /* PostsViewController.swift */ = {isa = PBXFileReference; lastKnownFileType = sourcecode.swift; path = PostsViewController.swift; sourceTree = "<group>"; };
		930C08552990F5380026CAD9 /* UIView+Layout.swift */ = {isa = PBXFileReference; lastKnownFileType = sourcecode.swift; path = "UIView+Layout.swift"; sourceTree = "<group>"; };
		930C08582990F6BD0026CAD9 /* Post.swift */ = {isa = PBXFileReference; lastKnownFileType = sourcecode.swift; path = Post.swift; sourceTree = "<group>"; };
		930C085B2990FAFC0026CAD9 /* PostTableViewCell.swift */ = {isa = PBXFileReference; lastKnownFileType = sourcecode.swift; path = PostTableViewCell.swift; sourceTree = "<group>"; };
		930C085E2990FB8D0026CAD9 /* UITableView+Configure.swift */ = {isa = PBXFileReference; lastKnownFileType = sourcecode.swift; path = "UITableView+Configure.swift"; sourceTree = "<group>"; };
		930C08612991009A0026CAD9 /* PostsViewControllerTests.swift */ = {isa = PBXFileReference; lastKnownFileType = sourcecode.swift; path = PostsViewControllerTests.swift; sourceTree = "<group>"; };
		930C086429910A0C0026CAD9 /* Resource.swift */ = {isa = PBXFileReference; lastKnownFileType = sourcecode.swift; path = Resource.swift; sourceTree = "<group>"; };
		930C086729910A1E0026CAD9 /* URLConvertible.swift */ = {isa = PBXFileReference; lastKnownFileType = sourcecode.swift; path = URLConvertible.swift; sourceTree = "<group>"; };
		930C086A29910A5A0026CAD9 /* NetworkConfiguration.swift */ = {isa = PBXFileReference; lastKnownFileType = sourcecode.swift; path = NetworkConfiguration.swift; sourceTree = "<group>"; };
		930C086D29910A880026CAD9 /* Cause.swift */ = {isa = PBXFileReference; lastKnownFileType = sourcecode.swift; path = Cause.swift; sourceTree = "<group>"; };
		930C087029910AB40026CAD9 /* ErrorReport.swift */ = {isa = PBXFileReference; lastKnownFileType = sourcecode.swift; path = ErrorReport.swift; sourceTree = "<group>"; };
		930C087329910ADA0026CAD9 /* NetworkManager.swift */ = {isa = PBXFileReference; lastKnownFileType = sourcecode.swift; path = NetworkManager.swift; sourceTree = "<group>"; };
		930C087629910BD60026CAD9 /* NetworkManagerTests.swift */ = {isa = PBXFileReference; lastKnownFileType = sourcecode.swift; path = NetworkManagerTests.swift; sourceTree = "<group>"; };
		930C087829910C7D0026CAD9 /* URL+Posty.swift */ = {isa = PBXFileReference; lastKnownFileType = sourcecode.swift; path = "URL+Posty.swift"; sourceTree = "<group>"; };
		930C087B29910F500026CAD9 /* Endpoint.swift */ = {isa = PBXFileReference; lastKnownFileType = sourcecode.swift; path = Endpoint.swift; sourceTree = "<group>"; };
		930C0881299115440026CAD9 /* Service.swift */ = {isa = PBXFileReference; lastKnownFileType = sourcecode.swift; path = Service.swift; sourceTree = "<group>"; };
		930C088529911E790026CAD9 /* User.swift */ = {isa = PBXFileReference; lastKnownFileType = sourcecode.swift; path = User.swift; sourceTree = "<group>"; };
		930C088829911EC80026CAD9 /* Address.swift */ = {isa = PBXFileReference; lastKnownFileType = sourcecode.swift; path = Address.swift; sourceTree = "<group>"; };
		930C088B29911EF40026CAD9 /* Company.swift */ = {isa = PBXFileReference; lastKnownFileType = sourcecode.swift; path = Company.swift; sourceTree = "<group>"; };
		930C088E299120E60026CAD9 /* Geo.swift */ = {isa = PBXFileReference; lastKnownFileType = sourcecode.swift; path = Geo.swift; sourceTree = "<group>"; };
		930C0891299122300026CAD9 /* PostDetailsView.swift */ = {isa = PBXFileReference; lastKnownFileType = sourcecode.swift; path = PostDetailsView.swift; sourceTree = "<group>"; };
		935EEBAE29913B8800AB8A8F /* Comment.swift */ = {isa = PBXFileReference; lastKnownFileType = sourcecode.swift; path = Comment.swift; sourceTree = "<group>"; };
		935EEBB129913C1A00AB8A8F /* PostViewModel.swift */ = {isa = PBXFileReference; lastKnownFileType = sourcecode.swift; path = PostViewModel.swift; sourceTree = "<group>"; };
		93BF0802299258C000485E82 /* CommentsView.swift */ = {isa = PBXFileReference; lastKnownFileType = sourcecode.swift; path = CommentsView.swift; sourceTree = "<group>"; };
		93BF08042992592800485E82 /* CommentsViewModel.swift */ = {isa = PBXFileReference; lastKnownFileType = sourcecode.swift; path = CommentsViewModel.swift; sourceTree = "<group>"; };
		93BF080629925D3600485E82 /* CommentView.swift */ = {isa = PBXFileReference; lastKnownFileType = sourcecode.swift; path = CommentView.swift; sourceTree = "<group>"; };
/* End PBXFileReference section */

/* Begin PBXFrameworksBuildPhase section */
		930C08122990DEBD0026CAD9 /* Frameworks */ = {
			isa = PBXFrameworksBuildPhase;
			buildActionMask = 2147483647;
			files = (
			);
			runOnlyForDeploymentPostprocessing = 0;
		};
		930C08282990DEBF0026CAD9 /* Frameworks */ = {
			isa = PBXFrameworksBuildPhase;
			buildActionMask = 2147483647;
			files = (
			);
			runOnlyForDeploymentPostprocessing = 0;
		};
/* End PBXFrameworksBuildPhase section */

/* Begin PBXGroup section */
		930C080C2990DEBC0026CAD9 = {
			isa = PBXGroup;
			children = (
				930C08172990DEBD0026CAD9 /* Posty */,
				930C082E2990DEBF0026CAD9 /* PostyTests */,
				930C08162990DEBD0026CAD9 /* Products */,
			);
			sourceTree = "<group>";
		};
		930C08162990DEBD0026CAD9 /* Products */ = {
			isa = PBXGroup;
			children = (
				930C08152990DEBD0026CAD9 /* Posty.app */,
				930C082B2990DEBF0026CAD9 /* PostyTests.xctest */,
			);
			name = Products;
			sourceTree = "<group>";
		};
		930C08172990DEBD0026CAD9 /* Posty */ = {
			isa = PBXGroup;
			children = (
				930C08182990DEBD0026CAD9 /* AppDelegate.swift */,
				930C081A2990DEBD0026CAD9 /* SceneDelegate.swift */,
				930C08482990DF100026CAD9 /* AppController.swift */,
				930C084B2990E0D80026CAD9 /* PostController.swift */,
				930C08522990F4EA0026CAD9 /* PostsViewController.swift */,
				93BF08042992592800485E82 /* CommentsViewModel.swift */,
				935EEBB129913C1A00AB8A8F /* PostViewModel.swift */,
				93BF08082992680D00485E82 /* Views */,
				930C088429911E660026CAD9 /* Models */,
				930C08632991099C0026CAD9 /* Networking */,
				930C084E2990F35D0026CAD9 /* Extensions */,
				930C08212990DEBF0026CAD9 /* Assets.xcassets */,
				930C08232990DEBF0026CAD9 /* LaunchScreen.storyboard */,
				930C08262990DEBF0026CAD9 /* Info.plist */,
			);
			path = Posty;
			sourceTree = "<group>";
		};
		930C082E2990DEBF0026CAD9 /* PostyTests */ = {
			isa = PBXGroup;
			children = (
				930C08612991009A0026CAD9 /* PostsViewControllerTests.swift */,
				930C087629910BD60026CAD9 /* NetworkManagerTests.swift */,
			);
			path = PostyTests;
			sourceTree = "<group>";
		};
		930C084E2990F35D0026CAD9 /* Extensions */ = {
			isa = PBXGroup;
			children = (
				930C084F2990F38F0026CAD9 /* UIViewController+Helper.swift */,
				930C08552990F5380026CAD9 /* UIView+Layout.swift */,
				930C085E2990FB8D0026CAD9 /* UITableView+Configure.swift */,
				930C087829910C7D0026CAD9 /* URL+Posty.swift */,
			);
			path = Extensions;
			sourceTree = "<group>";
		};
		930C08632991099C0026CAD9 /* Networking */ = {
			isa = PBXGroup;
			children = (
				930C0881299115440026CAD9 /* Service.swift */,
				930C087B29910F500026CAD9 /* Endpoint.swift */,
				930C086429910A0C0026CAD9 /* Resource.swift */,
				930C086729910A1E0026CAD9 /* URLConvertible.swift */,
				930C086D29910A880026CAD9 /* Cause.swift */,
				930C087029910AB40026CAD9 /* ErrorReport.swift */,
				930C086A29910A5A0026CAD9 /* NetworkConfiguration.swift */,
				930C087329910ADA0026CAD9 /* NetworkManager.swift */,
			);
			path = Networking;
			sourceTree = "<group>";
		};
		930C088429911E660026CAD9 /* Models */ = {
			isa = PBXGroup;
			children = (
				930C08582990F6BD0026CAD9 /* Post.swift */,
				930C088529911E790026CAD9 /* User.swift */,
				930C088829911EC80026CAD9 /* Address.swift */,
				930C088B29911EF40026CAD9 /* Company.swift */,
				930C088E299120E60026CAD9 /* Geo.swift */,
				935EEBAE29913B8800AB8A8F /* Comment.swift */,
			);
			path = Models;
			sourceTree = "<group>";
		};
		93BF08082992680D00485E82 /* Views */ = {
			isa = PBXGroup;
			children = (
				930C085B2990FAFC0026CAD9 /* PostTableViewCell.swift */,
				930C0891299122300026CAD9 /* PostDetailsView.swift */,
				93BF0802299258C000485E82 /* CommentsView.swift */,
				93BF080629925D3600485E82 /* CommentView.swift */,
			);
			path = Views;
			sourceTree = "<group>";
		};
/* End PBXGroup section */

/* Begin PBXNativeTarget section */
		930C08142990DEBD0026CAD9 /* Posty */ = {
			isa = PBXNativeTarget;
			buildConfigurationList = 930C083F2990DEBF0026CAD9 /* Build configuration list for PBXNativeTarget "Posty" */;
			buildPhases = (
				930C08112990DEBD0026CAD9 /* Sources */,
				930C08122990DEBD0026CAD9 /* Frameworks */,
				930C08132990DEBD0026CAD9 /* Resources */,
			);
			buildRules = (
			);
			dependencies = (
			);
			name = Posty;
			productName = Posty;
			productReference = 930C08152990DEBD0026CAD9 /* Posty.app */;
			productType = "com.apple.product-type.application";
		};
		930C082A2990DEBF0026CAD9 /* PostyTests */ = {
			isa = PBXNativeTarget;
			buildConfigurationList = 930C08422990DEBF0026CAD9 /* Build configuration list for PBXNativeTarget "PostyTests" */;
			buildPhases = (
				930C08272990DEBF0026CAD9 /* Sources */,
				930C08282990DEBF0026CAD9 /* Frameworks */,
				930C08292990DEBF0026CAD9 /* Resources */,
			);
			buildRules = (
			);
			dependencies = (
				930C082D2990DEBF0026CAD9 /* PBXTargetDependency */,
			);
			name = PostyTests;
			productName = PostyTests;
			productReference = 930C082B2990DEBF0026CAD9 /* PostyTests.xctest */;
			productType = "com.apple.product-type.bundle.unit-test";
		};
/* End PBXNativeTarget section */

/* Begin PBXProject section */
		930C080D2990DEBC0026CAD9 /* Project object */ = {
			isa = PBXProject;
			attributes = {
				BuildIndependentTargetsInParallel = 1;
				LastSwiftUpdateCheck = 1420;
				LastUpgradeCheck = 1420;
				TargetAttributes = {
					930C08142990DEBD0026CAD9 = {
						CreatedOnToolsVersion = 14.2;
					};
					930C082A2990DEBF0026CAD9 = {
						CreatedOnToolsVersion = 14.2;
						TestTargetID = 930C08142990DEBD0026CAD9;
					};
				};
			};
			buildConfigurationList = 930C08102990DEBC0026CAD9 /* Build configuration list for PBXProject "Posty" */;
			compatibilityVersion = "Xcode 14.0";
			developmentRegion = en;
			hasScannedForEncodings = 0;
			knownRegions = (
				en,
				Base,
			);
			mainGroup = 930C080C2990DEBC0026CAD9;
			productRefGroup = 930C08162990DEBD0026CAD9 /* Products */;
			projectDirPath = "";
			projectRoot = "";
			targets = (
				930C08142990DEBD0026CAD9 /* Posty */,
				930C082A2990DEBF0026CAD9 /* PostyTests */,
			);
		};
/* End PBXProject section */

/* Begin PBXResourcesBuildPhase section */
		930C08132990DEBD0026CAD9 /* Resources */ = {
			isa = PBXResourcesBuildPhase;
			buildActionMask = 2147483647;
			files = (
				930C08252990DEBF0026CAD9 /* LaunchScreen.storyboard in Resources */,
				930C08222990DEBF0026CAD9 /* Assets.xcassets in Resources */,
			);
			runOnlyForDeploymentPostprocessing = 0;
		};
		930C08292990DEBF0026CAD9 /* Resources */ = {
			isa = PBXResourcesBuildPhase;
			buildActionMask = 2147483647;
			files = (
			);
			runOnlyForDeploymentPostprocessing = 0;
		};
/* End PBXResourcesBuildPhase section */

/* Begin PBXSourcesBuildPhase section */
		930C08112990DEBD0026CAD9 /* Sources */ = {
			isa = PBXSourcesBuildPhase;
			buildActionMask = 2147483647;
			files = (
				935EEBB229913C1A00AB8A8F /* PostViewModel.swift in Sources */,
				930C086B29910A5A0026CAD9 /* NetworkConfiguration.swift in Sources */,
				93BF0803299258C000485E82 /* CommentsView.swift in Sources */,
				930C08562990F5380026CAD9 /* UIView+Layout.swift in Sources */,
				930C087929910C7D0026CAD9 /* URL+Posty.swift in Sources */,
				930C08532990F4EA0026CAD9 /* PostsViewController.swift in Sources */,
				930C085F2990FB8D0026CAD9 /* UITableView+Configure.swift in Sources */,
				93BF080729925D3600485E82 /* CommentView.swift in Sources */,
				930C087429910ADA0026CAD9 /* NetworkManager.swift in Sources */,
				930C088929911EC80026CAD9 /* Address.swift in Sources */,
				930C088C29911EF40026CAD9 /* Company.swift in Sources */,
				930C087129910AB40026CAD9 /* ErrorReport.swift in Sources */,
				930C086529910A0C0026CAD9 /* Resource.swift in Sources */,
				93BF08052992592800485E82 /* CommentsViewModel.swift in Sources */,
				935EEBAF29913B8800AB8A8F /* Comment.swift in Sources */,
				930C088629911E790026CAD9 /* User.swift in Sources */,
				930C086E29910A880026CAD9 /* Cause.swift in Sources */,
				930C088F299120E60026CAD9 /* Geo.swift in Sources */,
				930C08502990F38F0026CAD9 /* UIViewController+Helper.swift in Sources */,
				930C0882299115450026CAD9 /* Service.swift in Sources */,
				930C0892299122300026CAD9 /* PostDetailsView.swift in Sources */,
				930C087C29910F500026CAD9 /* Endpoint.swift in Sources */,
				930C08592990F6BD0026CAD9 /* Post.swift in Sources */,
				930C08192990DEBD0026CAD9 /* AppDelegate.swift in Sources */,
				930C086829910A1E0026CAD9 /* URLConvertible.swift in Sources */,
				930C084C2990E0D80026CAD9 /* PostController.swift in Sources */,
				930C081B2990DEBD0026CAD9 /* SceneDelegate.swift in Sources */,
				930C08492990DF100026CAD9 /* AppController.swift in Sources */,
				930C085C2990FAFC0026CAD9 /* PostTableViewCell.swift in Sources */,
			);
			runOnlyForDeploymentPostprocessing = 0;
		};
		930C08272990DEBF0026CAD9 /* Sources */ = {
			isa = PBXSourcesBuildPhase;
			buildActionMask = 2147483647;
			files = (
				935EEBB329913C1A00AB8A8F /* PostViewModel.swift in Sources */,
				930C08512990F38F0026CAD9 /* UIViewController+Helper.swift in Sources */,
				930C08622991009A0026CAD9 /* PostsViewControllerTests.swift in Sources */,
				930C087A29910C7D0026CAD9 /* URL+Posty.swift in Sources */,
				930C086929910A1E0026CAD9 /* URLConvertible.swift in Sources */,
				93BF080A299268A400485E82 /* PostDetailsView.swift in Sources */,
				93BF080C299268B800485E82 /* CommentsView.swift in Sources */,
				93BF080D299268BB00485E82 /* CommentView.swift in Sources */,
				930C08572990F5380026CAD9 /* UIView+Layout.swift in Sources */,
				930C086629910A0C0026CAD9 /* Resource.swift in Sources */,
				930C088A29911EC80026CAD9 /* Address.swift in Sources */,
				93BF080B299268AF00485E82 /* CommentsViewModel.swift in Sources */,
				930C088D29911EF40026CAD9 /* Company.swift in Sources */,
				930C084A2990DF100026CAD9 /* AppController.swift in Sources */,
				935EEBB029913B8800AB8A8F /* Comment.swift in Sources */,
				930C088729911E790026CAD9 /* User.swift in Sources */,
				930C086F29910A880026CAD9 /* Cause.swift in Sources */,
				930C0890299120E60026CAD9 /* Geo.swift in Sources */,
				930C08602990FB8D0026CAD9 /* UITableView+Configure.swift in Sources */,
				930C0883299115450026CAD9 /* Service.swift in Sources */,
				930C087D29910F500026CAD9 /* Endpoint.swift in Sources */,
				93BF08092992689500485E82 /* PostTableViewCell.swift in Sources */,
				930C084D2990E0D80026CAD9 /* PostController.swift in Sources */,
				930C087229910AB40026CAD9 /* ErrorReport.swift in Sources */,
				930C085A2990F6BD0026CAD9 /* Post.swift in Sources */,
				930C087729910BD60026CAD9 /* NetworkManagerTests.swift in Sources */,
				930C087529910ADA0026CAD9 /* NetworkManager.swift in Sources */,
				930C08542990F4EA0026CAD9 /* PostsViewController.swift in Sources */,
				930C086C29910A5A0026CAD9 /* NetworkConfiguration.swift in Sources */,
			);
			runOnlyForDeploymentPostprocessing = 0;
		};
/* End PBXSourcesBuildPhase section */

/* Begin PBXTargetDependency section */
		930C082D2990DEBF0026CAD9 /* PBXTargetDependency */ = {
			isa = PBXTargetDependency;
			target = 930C08142990DEBD0026CAD9 /* Posty */;
			targetProxy = 930C082C2990DEBF0026CAD9 /* PBXContainerItemProxy */;
		};
/* End PBXTargetDependency section */

/* Begin PBXVariantGroup section */
		930C08232990DEBF0026CAD9 /* LaunchScreen.storyboard */ = {
			isa = PBXVariantGroup;
			children = (
				930C08242990DEBF0026CAD9 /* Base */,
			);
			name = LaunchScreen.storyboard;
			sourceTree = "<group>";
		};
/* End PBXVariantGroup section */

/* Begin XCBuildConfiguration section */
		930C083D2990DEBF0026CAD9 /* Debug */ = {
			isa = XCBuildConfiguration;
			buildSettings = {
				ALWAYS_SEARCH_USER_PATHS = NO;
				CLANG_ANALYZER_NONNULL = YES;
				CLANG_ANALYZER_NUMBER_OBJECT_CONVERSION = YES_AGGRESSIVE;
				CLANG_CXX_LANGUAGE_STANDARD = "gnu++20";
				CLANG_ENABLE_MODULES = YES;
				CLANG_ENABLE_OBJC_ARC = YES;
				CLANG_ENABLE_OBJC_WEAK = YES;
				CLANG_WARN_BLOCK_CAPTURE_AUTORELEASING = YES;
				CLANG_WARN_BOOL_CONVERSION = YES;
				CLANG_WARN_COMMA = YES;
				CLANG_WARN_CONSTANT_CONVERSION = YES;
				CLANG_WARN_DEPRECATED_OBJC_IMPLEMENTATIONS = YES;
				CLANG_WARN_DIRECT_OBJC_ISA_USAGE = YES_ERROR;
				CLANG_WARN_DOCUMENTATION_COMMENTS = YES;
				CLANG_WARN_EMPTY_BODY = YES;
				CLANG_WARN_ENUM_CONVERSION = YES;
				CLANG_WARN_INFINITE_RECURSION = YES;
				CLANG_WARN_INT_CONVERSION = YES;
				CLANG_WARN_NON_LITERAL_NULL_CONVERSION = YES;
				CLANG_WARN_OBJC_IMPLICIT_RETAIN_SELF = YES;
				CLANG_WARN_OBJC_LITERAL_CONVERSION = YES;
				CLANG_WARN_OBJC_ROOT_CLASS = YES_ERROR;
				CLANG_WARN_QUOTED_INCLUDE_IN_FRAMEWORK_HEADER = YES;
				CLANG_WARN_RANGE_LOOP_ANALYSIS = YES;
				CLANG_WARN_STRICT_PROTOTYPES = YES;
				CLANG_WARN_SUSPICIOUS_MOVE = YES;
				CLANG_WARN_UNGUARDED_AVAILABILITY = YES_AGGRESSIVE;
				CLANG_WARN_UNREACHABLE_CODE = YES;
				CLANG_WARN__DUPLICATE_METHOD_MATCH = YES;
				COPY_PHASE_STRIP = NO;
				DEBUG_INFORMATION_FORMAT = dwarf;
				ENABLE_STRICT_OBJC_MSGSEND = YES;
				ENABLE_TESTABILITY = YES;
				GCC_C_LANGUAGE_STANDARD = gnu11;
				GCC_DYNAMIC_NO_PIC = NO;
				GCC_NO_COMMON_BLOCKS = YES;
				GCC_OPTIMIZATION_LEVEL = 0;
				GCC_PREPROCESSOR_DEFINITIONS = (
					"DEBUG=1",
					"$(inherited)",
				);
				GCC_WARN_64_TO_32_BIT_CONVERSION = YES;
				GCC_WARN_ABOUT_RETURN_TYPE = YES_ERROR;
				GCC_WARN_UNDECLARED_SELECTOR = YES;
				GCC_WARN_UNINITIALIZED_AUTOS = YES_AGGRESSIVE;
				GCC_WARN_UNUSED_FUNCTION = YES;
				GCC_WARN_UNUSED_VARIABLE = YES;
				IPHONEOS_DEPLOYMENT_TARGET = 16.2;
				MTL_ENABLE_DEBUG_INFO = INCLUDE_SOURCE;
				MTL_FAST_MATH = YES;
				ONLY_ACTIVE_ARCH = YES;
				SDKROOT = iphoneos;
				SWIFT_ACTIVE_COMPILATION_CONDITIONS = DEBUG;
				SWIFT_OPTIMIZATION_LEVEL = "-Onone";
			};
			name = Debug;
		};
		930C083E2990DEBF0026CAD9 /* Release */ = {
			isa = XCBuildConfiguration;
			buildSettings = {
				ALWAYS_SEARCH_USER_PATHS = NO;
				CLANG_ANALYZER_NONNULL = YES;
				CLANG_ANALYZER_NUMBER_OBJECT_CONVERSION = YES_AGGRESSIVE;
				CLANG_CXX_LANGUAGE_STANDARD = "gnu++20";
				CLANG_ENABLE_MODULES = YES;
				CLANG_ENABLE_OBJC_ARC = YES;
				CLANG_ENABLE_OBJC_WEAK = YES;
				CLANG_WARN_BLOCK_CAPTURE_AUTORELEASING = YES;
				CLANG_WARN_BOOL_CONVERSION = YES;
				CLANG_WARN_COMMA = YES;
				CLANG_WARN_CONSTANT_CONVERSION = YES;
				CLANG_WARN_DEPRECATED_OBJC_IMPLEMENTATIONS = YES;
				CLANG_WARN_DIRECT_OBJC_ISA_USAGE = YES_ERROR;
				CLANG_WARN_DOCUMENTATION_COMMENTS = YES;
				CLANG_WARN_EMPTY_BODY = YES;
				CLANG_WARN_ENUM_CONVERSION = YES;
				CLANG_WARN_INFINITE_RECURSION = YES;
				CLANG_WARN_INT_CONVERSION = YES;
				CLANG_WARN_NON_LITERAL_NULL_CONVERSION = YES;
				CLANG_WARN_OBJC_IMPLICIT_RETAIN_SELF = YES;
				CLANG_WARN_OBJC_LITERAL_CONVERSION = YES;
				CLANG_WARN_OBJC_ROOT_CLASS = YES_ERROR;
				CLANG_WARN_QUOTED_INCLUDE_IN_FRAMEWORK_HEADER = YES;
				CLANG_WARN_RANGE_LOOP_ANALYSIS = YES;
				CLANG_WARN_STRICT_PROTOTYPES = YES;
				CLANG_WARN_SUSPICIOUS_MOVE = YES;
				CLANG_WARN_UNGUARDED_AVAILABILITY = YES_AGGRESSIVE;
				CLANG_WARN_UNREACHABLE_CODE = YES;
				CLANG_WARN__DUPLICATE_METHOD_MATCH = YES;
				COPY_PHASE_STRIP = NO;
				DEBUG_INFORMATION_FORMAT = "dwarf-with-dsym";
				ENABLE_NS_ASSERTIONS = NO;
				ENABLE_STRICT_OBJC_MSGSEND = YES;
				GCC_C_LANGUAGE_STANDARD = gnu11;
				GCC_NO_COMMON_BLOCKS = YES;
				GCC_WARN_64_TO_32_BIT_CONVERSION = YES;
				GCC_WARN_ABOUT_RETURN_TYPE = YES_ERROR;
				GCC_WARN_UNDECLARED_SELECTOR = YES;
				GCC_WARN_UNINITIALIZED_AUTOS = YES_AGGRESSIVE;
				GCC_WARN_UNUSED_FUNCTION = YES;
				GCC_WARN_UNUSED_VARIABLE = YES;
				IPHONEOS_DEPLOYMENT_TARGET = 16.2;
				MTL_ENABLE_DEBUG_INFO = NO;
				MTL_FAST_MATH = YES;
				SDKROOT = iphoneos;
				SWIFT_COMPILATION_MODE = wholemodule;
				SWIFT_OPTIMIZATION_LEVEL = "-O";
				VALIDATE_PRODUCT = YES;
			};
			name = Release;
		};
		930C08402990DEBF0026CAD9 /* Debug */ = {
			isa = XCBuildConfiguration;
			buildSettings = {
				ASSETCATALOG_COMPILER_APPICON_NAME = AppIcon;
				ASSETCATALOG_COMPILER_GLOBAL_ACCENT_COLOR_NAME = AccentColor;
				CODE_SIGN_STYLE = Automatic;
				CURRENT_PROJECT_VERSION = 1;
				DEVELOPMENT_TEAM = S439WX6W4W;
				GENERATE_INFOPLIST_FILE = YES;
				INFOPLIST_FILE = Posty/Info.plist;
				INFOPLIST_KEY_UIApplicationSupportsIndirectInputEvents = YES;
				INFOPLIST_KEY_UILaunchStoryboardName = LaunchScreen;
				INFOPLIST_KEY_UISupportedInterfaceOrientations_iPad = "UIInterfaceOrientationPortrait UIInterfaceOrientationPortraitUpsideDown UIInterfaceOrientationLandscapeLeft UIInterfaceOrientationLandscapeRight";
				INFOPLIST_KEY_UISupportedInterfaceOrientations_iPhone = "UIInterfaceOrientationPortrait UIInterfaceOrientationLandscapeLeft UIInterfaceOrientationLandscapeRight";
				IPHONEOS_DEPLOYMENT_TARGET = 14.0;
				LD_RUNPATH_SEARCH_PATHS = (
					"$(inherited)",
					"@executable_path/Frameworks",
				);
				MARKETING_VERSION = 1.0;
				PRODUCT_BUNDLE_IDENTIFIER = com.lioncode.posty.Posty;
				PRODUCT_NAME = "$(TARGET_NAME)";
				SWIFT_EMIT_LOC_STRINGS = YES;
				SWIFT_VERSION = 5.0;
				TARGETED_DEVICE_FAMILY = "1,2";
			};
			name = Debug;
		};
		930C08412990DEBF0026CAD9 /* Release */ = {
			isa = XCBuildConfiguration;
			buildSettings = {
				ASSETCATALOG_COMPILER_APPICON_NAME = AppIcon;
				ASSETCATALOG_COMPILER_GLOBAL_ACCENT_COLOR_NAME = AccentColor;
				CODE_SIGN_STYLE = Automatic;
				CURRENT_PROJECT_VERSION = 1;
				DEVELOPMENT_TEAM = S439WX6W4W;
				GENERATE_INFOPLIST_FILE = YES;
				INFOPLIST_FILE = Posty/Info.plist;
				INFOPLIST_KEY_UIApplicationSupportsIndirectInputEvents = YES;
				INFOPLIST_KEY_UILaunchStoryboardName = LaunchScreen;
				INFOPLIST_KEY_UISupportedInterfaceOrientations_iPad = "UIInterfaceOrientationPortrait UIInterfaceOrientationPortraitUpsideDown UIInterfaceOrientationLandscapeLeft UIInterfaceOrientationLandscapeRight";
				INFOPLIST_KEY_UISupportedInterfaceOrientations_iPhone = "UIInterfaceOrientationPortrait UIInterfaceOrientationLandscapeLeft UIInterfaceOrientationLandscapeRight";
				IPHONEOS_DEPLOYMENT_TARGET = 14.0;
				LD_RUNPATH_SEARCH_PATHS = (
					"$(inherited)",
					"@executable_path/Frameworks",
				);
				MARKETING_VERSION = 1.0;
				PRODUCT_BUNDLE_IDENTIFIER = com.lioncode.posty.Posty;
				PRODUCT_NAME = "$(TARGET_NAME)";
				SWIFT_EMIT_LOC_STRINGS = YES;
				SWIFT_VERSION = 5.0;
				TARGETED_DEVICE_FAMILY = "1,2";
			};
			name = Release;
		};
		930C08432990DEBF0026CAD9 /* Debug */ = {
			isa = XCBuildConfiguration;
			buildSettings = {
				ALWAYS_EMBED_SWIFT_STANDARD_LIBRARIES = YES;
				BUNDLE_LOADER = "$(TEST_HOST)";
				CODE_SIGN_STYLE = Automatic;
				CURRENT_PROJECT_VERSION = 1;
				DEVELOPMENT_TEAM = S439WX6W4W;
				GENERATE_INFOPLIST_FILE = YES;
				IPHONEOS_DEPLOYMENT_TARGET = 16.2;
				MARKETING_VERSION = 1.0;
				PRODUCT_BUNDLE_IDENTIFIER = com.lioncode.posty.PostyTests;
				PRODUCT_NAME = "$(TARGET_NAME)";
				SWIFT_EMIT_LOC_STRINGS = NO;
				SWIFT_VERSION = 5.0;
				TARGETED_DEVICE_FAMILY = "1,2";
				TEST_HOST = "$(BUILT_PRODUCTS_DIR)/Posty.app/$(BUNDLE_EXECUTABLE_FOLDER_PATH)/Posty";
			};
			name = Debug;
		};
		930C08442990DEBF0026CAD9 /* Release */ = {
			isa = XCBuildConfiguration;
			buildSettings = {
				ALWAYS_EMBED_SWIFT_STANDARD_LIBRARIES = YES;
				BUNDLE_LOADER = "$(TEST_HOST)";
				CODE_SIGN_STYLE = Automatic;
				CURRENT_PROJECT_VERSION = 1;
				DEVELOPMENT_TEAM = S439WX6W4W;
				GENERATE_INFOPLIST_FILE = YES;
				IPHONEOS_DEPLOYMENT_TARGET = 16.2;
				MARKETING_VERSION = 1.0;
				PRODUCT_BUNDLE_IDENTIFIER = com.lioncode.posty.PostyTests;
				PRODUCT_NAME = "$(TARGET_NAME)";
				SWIFT_EMIT_LOC_STRINGS = NO;
				SWIFT_VERSION = 5.0;
				TARGETED_DEVICE_FAMILY = "1,2";
				TEST_HOST = "$(BUILT_PRODUCTS_DIR)/Posty.app/$(BUNDLE_EXECUTABLE_FOLDER_PATH)/Posty";
			};
			name = Release;
		};
/* End XCBuildConfiguration section */

/* Begin XCConfigurationList section */
		930C08102990DEBC0026CAD9 /* Build configuration list for PBXProject "Posty" */ = {
			isa = XCConfigurationList;
			buildConfigurations = (
				930C083D2990DEBF0026CAD9 /* Debug */,
				930C083E2990DEBF0026CAD9 /* Release */,
			);
			defaultConfigurationIsVisible = 0;
			defaultConfigurationName = Release;
		};
		930C083F2990DEBF0026CAD9 /* Build configuration list for PBXNativeTarget "Posty" */ = {
			isa = XCConfigurationList;
			buildConfigurations = (
				930C08402990DEBF0026CAD9 /* Debug */,
				930C08412990DEBF0026CAD9 /* Release */,
			);
			defaultConfigurationIsVisible = 0;
			defaultConfigurationName = Release;
		};
		930C08422990DEBF0026CAD9 /* Build configuration list for PBXNativeTarget "PostyTests" */ = {
			isa = XCConfigurationList;
			buildConfigurations = (
				930C08432990DEBF0026CAD9 /* Debug */,
				930C08442990DEBF0026CAD9 /* Release */,
			);
			defaultConfigurationIsVisible = 0;
			defaultConfigurationName = Release;
		};
/* End XCConfigurationList section */
	};
	rootObject = 930C080D2990DEBC0026CAD9 /* Project object */;
}
